
Microsoft Visual Studio Solution File, Format Version 12.00
# Visual Studio Version 16
VisualStudioVersion = 16.0.29728.190
MinimumVisualStudioVersion = 10.0.40219.1
Project("{FAE04EC0-301F-11D3-BF4B-00C04F79EFBC}") = "SistemaDeVendasMVC", "SistemaDeVendasMVC\SistemaDeVendasMVC.csproj", "{05BBE998-7C59-427C-ADCF-DAF6EE3D15C0}"
EndProject
Global
	GlobalSection(SolutionConfigurationPlatforms) = preSolution
		Debug|Any CPU = Debug|Any CPU
		Release|Any CPU = Release|Any CPU
	EndGlobalSection
	GlobalSection(ProjectConfigurationPlatforms) = postSolution
		{05BBE998-7C59-427C-ADCF-DAF6EE3D15C0}.Debug|Any CPU.ActiveCfg = Debug|Any CPU
		{05BBE998-7C59-427C-ADCF-DAF6EE3D15C0}.Debug|Any CPU.Build.0 = Debug|Any CPU
		{05BBE998-7C59-427C-ADCF-DAF6EE3D15C0}.Release|Any CPU.ActiveCfg = Release|Any CPU
		{05BBE998-7C59-427C-ADCF-DAF6EE3D15C0}.Release|Any CPU.Build.0 = Release|Any CPU
	EndGlobalSection
	GlobalSection(SolutionProperties) = preSolution
		HideSolutionNode = FALSE
	EndGlobalSection
	GlobalSection(ExtensibilityGlobals) = postSolution
		SolutionGuid = {CF8EA73B-4F9E-424C-8F2C-E614ACF048C5}
	EndGlobalSection
EndGlobal
